
Microsoft Visual Studio Solution File, Format Version 12.00
# Visual Studio Version 17
VisualStudioVersion = 17.5.002.0
MinimumVisualStudioVersion = 10.0.40219.1
Project("{9A19103F-16F7-4668-BE54-9A1E7A4F7556}") = "csharp-games", "csharp-games.csproj", "{13C3292B-EBC4-4041-A1C5-F0BAD616AEA5}"
EndProject
Project("{FAE04EC0-301F-11D3-BF4B-00C04F79EFBC}") = "Games", "Games\Games.csproj", "{C5C295DC-DB8E-4B64-838C-FFEB39172025}"
EndProject
Project("{FAE04EC0-301F-11D3-BF4B-00C04F79EFBC}") = "Games.Tests", "Games.Tests\Games.Tests.csproj", "{1E6C87F8-656A-4E69-96DC-E5B897729745}"
EndProject
Project("{FAE04EC0-301F-11D3-BF4B-00C04F79EFBC}") = "Games.Console", "Games.Console\Games.Console.csproj", "{86E0C96B-BBF2-439F-9AEE-2198985FF82C}"
EndProject
Global
	GlobalSection(SolutionConfigurationPlatforms) = preSolution
		Debug|Any CPU = Debug|Any CPU
		Release|Any CPU = Release|Any CPU
	EndGlobalSection
	GlobalSection(ProjectConfigurationPlatforms) = postSolution
		{13C3292B-EBC4-4041-A1C5-F0BAD616AEA5}.Debug|Any CPU.ActiveCfg = Debug|Any CPU
		{13C3292B-EBC4-4041-A1C5-F0BAD616AEA5}.Debug|Any CPU.Build.0 = Debug|Any CPU
		{13C3292B-EBC4-4041-A1C5-F0BAD616AEA5}.Release|Any CPU.ActiveCfg = Release|Any CPU
		{13C3292B-EBC4-4041-A1C5-F0BAD616AEA5}.Release|Any CPU.Build.0 = Release|Any CPU
		{15AEAB42-E1A8-4C82-9268-C73FEFAD2549}.Debug|Any CPU.ActiveCfg = Debug|Any CPU
		{15AEAB42-E1A8-4C82-9268-C73FEFAD2549}.Debug|Any CPU.Build.0 = Debug|Any CPU
		{15AEAB42-E1A8-4C82-9268-C73FEFAD2549}.Release|Any CPU.ActiveCfg = Release|Any CPU
		{15AEAB42-E1A8-4C82-9268-C73FEFAD2549}.Release|Any CPU.Build.0 = Release|Any CPU
		{C5C295DC-DB8E-4B64-838C-FFEB39172025}.Debug|Any CPU.ActiveCfg = Debug|Any CPU
		{C5C295DC-DB8E-4B64-838C-FFEB39172025}.Debug|Any CPU.Build.0 = Debug|Any CPU
		{C5C295DC-DB8E-4B64-838C-FFEB39172025}.Release|Any CPU.ActiveCfg = Release|Any CPU
		{C5C295DC-DB8E-4B64-838C-FFEB39172025}.Release|Any CPU.Build.0 = Release|Any CPU
		{1E6C87F8-656A-4E69-96DC-E5B897729745}.Debug|Any CPU.ActiveCfg = Debug|Any CPU
		{1E6C87F8-656A-4E69-96DC-E5B897729745}.Debug|Any CPU.Build.0 = Debug|Any CPU
		{1E6C87F8-656A-4E69-96DC-E5B897729745}.Release|Any CPU.ActiveCfg = Release|Any CPU
		{1E6C87F8-656A-4E69-96DC-E5B897729745}.Release|Any CPU.Build.0 = Release|Any CPU
		{86E0C96B-BBF2-439F-9AEE-2198985FF82C}.Debug|Any CPU.ActiveCfg = Debug|Any CPU
		{86E0C96B-BBF2-439F-9AEE-2198985FF82C}.Debug|Any CPU.Build.0 = Debug|Any CPU
		{86E0C96B-BBF2-439F-9AEE-2198985FF82C}.Release|Any CPU.ActiveCfg = Release|Any CPU
		{86E0C96B-BBF2-439F-9AEE-2198985FF82C}.Release|Any CPU.Build.0 = Release|Any CPU
	EndGlobalSection
	GlobalSection(SolutionProperties) = preSolution
		HideSolutionNode = FALSE
	EndGlobalSection
	GlobalSection(ExtensibilityGlobals) = postSolution
		SolutionGuid = {FD1D4654-2325-4F47-BD82-F43C8C8728FB}
	EndGlobalSection
EndGlobal
